<?xml version="1.0" encoding="utf-8"?>
<Project ToolsVersion="4.0" xmlns="http://schemas.microsoft.com/developer/msbuild/2003">
  <ItemGroup>
    <ClCompile Include="src\main.cpp" />
  </ItemGroup>
  <ItemGroup>
    <ClInclude Include="include\test\syntropy\visitor.h" />
    <ClInclude Include="include\test\unit_tests.h" />
    <ClInclude Include="include\test\syntropy\msgpack.h" />
    <ClInclude Include="include\test\syntropy\memory\memory_buffer_test.h" />
    <ClInclude Include="include\test\syntropy\core\stream_buffer_test.h" />
  </ItemGroup>
</Project>