
Microsoft Visual Studio Solution File, Format Version 12.00
# Visual Studio 14
VisualStudioVersion = 14.0.25420.1
MinimumVisualStudioVersion = 10.0.40219.1
Project("{8BC9CEB8-8B4A-11D0-8D11-00A0C91BC942}") = "Syntax", "Syntax\Syntax.vcxproj", "{36905BE6-188F-4DEB-AB5A-008EA3E6E7D6}"
EndProject
Project("{8BC9CEB8-8B4A-11D0-8D11-00A0C91BC942}") = "Syntropy", "Syntropy\Syntropy.vcxproj", "{545E5D36-D079-4183-A375-11F94A20C2A9}"
EndProject
Project("{8BC9CEB8-8B4A-11D0-8D11-00A0C91BC942}") = "Synapse", "Synapse\Synapse.vcxproj", "{C9C70AA3-BFC7-4708-B5AD-9D7ACFFF97D2}"
EndProject
Project("{8BC9CEB8-8B4A-11D0-8D11-00A0C91BC942}") = "Synesthesia", "Synesthesia\Synesthesia.vcxproj", "{FFD374B3-934D-47E7-BB5C-C7B12B1E7783}"
EndProject
Project("{8BC9CEB8-8B4A-11D0-8D11-00A0C91BC942}") = "Synchrony", "Synchrony\Synchrony.vcxproj", "{4920818F-E268-4694-B705-C164C08343D5}"
EndProject
Project("{8BC9CEB8-8B4A-11D0-8D11-00A0C91BC942}") = "Synergy", "Synergy\Synergy.vcxproj", "{2F46B0CF-9A34-47CF-8E1E-71B2A6CC7A53}"
EndProject
Project("{8BC9CEB8-8B4A-11D0-8D11-00A0C91BC942}") = "UnitTest", "UnitTest\UnitTest.vcxproj", "{B0BECBF6-8895-4037-B672-BD7DC8DED2AB}"
EndProject
Global
	GlobalSection(SolutionConfigurationPlatforms) = preSolution
		Debug|x64 = Debug|x64
		Debug|x86 = Debug|x86
		Release|x64 = Release|x64
		Release|x86 = Release|x86
	EndGlobalSection
	GlobalSection(ProjectConfigurationPlatforms) = postSolution
		{36905BE6-188F-4DEB-AB5A-008EA3E6E7D6}.Debug|x64.ActiveCfg = Debug|x64
		{36905BE6-188F-4DEB-AB5A-008EA3E6E7D6}.Debug|x64.Build.0 = Debug|x64
		{36905BE6-188F-4DEB-AB5A-008EA3E6E7D6}.Debug|x86.ActiveCfg = Debug|Win32
		{36905BE6-188F-4DEB-AB5A-008EA3E6E7D6}.Debug|x86.Build.0 = Debug|Win32
		{36905BE6-188F-4DEB-AB5A-008EA3E6E7D6}.Release|x64.ActiveCfg = Release|x64
		{36905BE6-188F-4DEB-AB5A-008EA3E6E7D6}.Release|x64.Build.0 = Release|x64
		{36905BE6-188F-4DEB-AB5A-008EA3E6E7D6}.Release|x86.ActiveCfg = Release|Win32
		{36905BE6-188F-4DEB-AB5A-008EA3E6E7D6}.Release|x86.Build.0 = Release|Win32
		{545E5D36-D079-4183-A375-11F94A20C2A9}.Debug|x64.ActiveCfg = Debug|x64
		{545E5D36-D079-4183-A375-11F94A20C2A9}.Debug|x64.Build.0 = Debug|x64
		{545E5D36-D079-4183-A375-11F94A20C2A9}.Debug|x86.ActiveCfg = Debug|Win32
		{545E5D36-D079-4183-A375-11F94A20C2A9}.Debug|x86.Build.0 = Debug|Win32
		{545E5D36-D079-4183-A375-11F94A20C2A9}.Release|x64.ActiveCfg = Release|x64
		{545E5D36-D079-4183-A375-11F94A20C2A9}.Release|x64.Build.0 = Release|x64
		{545E5D36-D079-4183-A375-11F94A20C2A9}.Release|x86.ActiveCfg = Release|Win32
		{545E5D36-D079-4183-A375-11F94A20C2A9}.Release|x86.Build.0 = Release|Win32
		{C9C70AA3-BFC7-4708-B5AD-9D7ACFFF97D2}.Debug|x64.ActiveCfg = Debug|x64
		{C9C70AA3-BFC7-4708-B5AD-9D7ACFFF97D2}.Debug|x64.Build.0 = Debug|x64
		{C9C70AA3-BFC7-4708-B5AD-9D7ACFFF97D2}.Debug|x86.ActiveCfg = Debug|Win32
		{C9C70AA3-BFC7-4708-B5AD-9D7ACFFF97D2}.Debug|x86.Build.0 = Debug|Win32
		{C9C70AA3-BFC7-4708-B5AD-9D7ACFFF97D2}.Release|x64.ActiveCfg = Release|x64
		{C9C70AA3-BFC7-4708-B5AD-9D7ACFFF97D2}.Release|x64.Build.0 = Release|x64
		{C9C70AA3-BFC7-4708-B5AD-9D7ACFFF97D2}.Release|x86.ActiveCfg = Release|Win32
		{C9C70AA3-BFC7-4708-B5AD-9D7ACFFF97D2}.Release|x86.Build.0 = Release|Win32
		{FFD374B3-934D-47E7-BB5C-C7B12B1E7783}.Debug|x64.ActiveCfg = Debug|x64
		{FFD374B3-934D-47E7-BB5C-C7B12B1E7783}.Debug|x64.Build.0 = Debug|x64
		{FFD374B3-934D-47E7-BB5C-C7B12B1E7783}.Debug|x86.ActiveCfg = Debug|Win32
		{FFD374B3-934D-47E7-BB5C-C7B12B1E7783}.Debug|x86.Build.0 = Debug|Win32
		{FFD374B3-934D-47E7-BB5C-C7B12B1E7783}.Release|x64.ActiveCfg = Release|x64
		{FFD374B3-934D-47E7-BB5C-C7B12B1E7783}.Release|x64.Build.0 = Release|x64
		{FFD374B3-934D-47E7-BB5C-C7B12B1E7783}.Release|x86.ActiveCfg = Release|Win32
		{FFD374B3-934D-47E7-BB5C-C7B12B1E7783}.Release|x86.Build.0 = Release|Win32
		{4920818F-E268-4694-B705-C164C08343D5}.Debug|x64.ActiveCfg = Debug|x64
		{4920818F-E268-4694-B705-C164C08343D5}.Debug|x64.Build.0 = Debug|x64
		{4920818F-E268-4694-B705-C164C08343D5}.Debug|x86.ActiveCfg = Debug|Win32
		{4920818F-E268-4694-B705-C164C08343D5}.Debug|x86.Build.0 = Debug|Win32
		{4920818F-E268-4694-B705-C164C08343D5}.Release|x64.ActiveCfg = Release|x64
		{4920818F-E268-4694-B705-C164C08343D5}.Release|x64.Build.0 = Release|x64
		{4920818F-E268-4694-B705-C164C08343D5}.Release|x86.ActiveCfg = Release|Win32
		{4920818F-E268-4694-B705-C164C08343D5}.Release|x86.Build.0 = Release|Win32
		{2F46B0CF-9A34-47CF-8E1E-71B2A6CC7A53}.Debug|x64.ActiveCfg = Debug|x64
		{2F46B0CF-9A34-47CF-8E1E-71B2A6CC7A53}.Debug|x64.Build.0 = Debug|x64
		{2F46B0CF-9A34-47CF-8E1E-71B2A6CC7A53}.Debug|x86.ActiveCfg = Debug|Win32
		{2F46B0CF-9A34-47CF-8E1E-71B2A6CC7A53}.Debug|x86.Build.0 = Debug|Win32
		{2F46B0CF-9A34-47CF-8E1E-71B2A6CC7A53}.Release|x64.ActiveCfg = Release|x64
		{2F46B0CF-9A34-47CF-8E1E-71B2A6CC7A53}.Release|x64.Build.0 = Release|x64
		{2F46B0CF-9A34-47CF-8E1E-71B2A6CC7A53}.Release|x86.ActiveCfg = Release|Win32
		{2F46B0CF-9A34-47CF-8E1E-71B2A6CC7A53}.Release|x86.Build.0 = Release|Win32
		{B0BECBF6-8895-4037-B672-BD7DC8DED2AB}.Debug|x64.ActiveCfg = Debug|x64
		{B0BECBF6-8895-4037-B672-BD7DC8DED2AB}.Debug|x64.Build.0 = Debug|x64
		{B0BECBF6-8895-4037-B672-BD7DC8DED2AB}.Debug|x86.ActiveCfg = Debug|Win32
		{B0BECBF6-8895-4037-B672-BD7DC8DED2AB}.Debug|x86.Build.0 = Debug|Win32
		{B0BECBF6-8895-4037-B672-BD7DC8DED2AB}.Release|x64.ActiveCfg = Release|x64
		{B0BECBF6-8895-4037-B672-BD7DC8DED2AB}.Release|x64.Build.0 = Release|x64
		{B0BECBF6-8895-4037-B672-BD7DC8DED2AB}.Release|x86.ActiveCfg = Release|Win32
		{B0BECBF6-8895-4037-B672-BD7DC8DED2AB}.Release|x86.Build.0 = Release|Win32
	EndGlobalSection
	GlobalSection(SolutionProperties) = preSolution
		HideSolutionNode = FALSE
	EndGlobalSection
EndGlobal
