
Microsoft Visual Studio Solution File, Format Version 12.00
# Visual Studio 15
VisualStudioVersion = 15.0.28307.168
MinimumVisualStudioVersion = 10.0.40219.1
Project("{8BC9CEB8-8B4A-11D0-8D11-00A0C91BC942}") = "synchrony", "synchrony\synchrony.vcxproj", "{07CF6633-0803-43C0-BB45-FCA4D71499F2}"
EndProject
Project("{8BC9CEB8-8B4A-11D0-8D11-00A0C91BC942}") = "synergy", "Synergy\synergy.vcxproj", "{6FDAA3A5-7776-4BB1-BF7E-68A27184BF07}"
EndProject
Project("{8BC9CEB8-8B4A-11D0-8D11-00A0C91BC942}") = "synesthesia", "synesthesia\synesthesia.vcxproj", "{766BF6EB-8EC1-482F-BF84-157BD0D2EF02}"
EndProject
Project("{8BC9CEB8-8B4A-11D0-8D11-00A0C91BC942}") = "syntax", "Syntax\syntax.vcxproj", "{872F9623-52FD-469B-9391-2A18557345DB}"
EndProject
Project("{8BC9CEB8-8B4A-11D0-8D11-00A0C91BC942}") = "synapse", "Synapse\synapse.vcxproj", "{D69B4D7B-3124-4386-B49A-7766FAFD1617}"
EndProject
Project("{8BC9CEB8-8B4A-11D0-8D11-00A0C91BC942}") = "test", "test\test.vcxproj", "{8BACAA8E-D0D9-4E11-A66B-BAF30C9F1C09}"
EndProject
Project("{8BC9CEB8-8B4A-11D0-8D11-00A0C91BC942}") = "syntropy", "Syntropy\syntropy.vcxproj", "{B970D1B5-1F2A-495A-BF7E-3DBBBEE1F33A}"
EndProject
Global
	GlobalSection(SolutionConfigurationPlatforms) = preSolution
		dbg|x64 = dbg|x64
		dbg|x86 = dbg|x86
		rel|x64 = rel|x64
		rel|x86 = rel|x86
	EndGlobalSection
	GlobalSection(ProjectConfigurationPlatforms) = postSolution
		{07CF6633-0803-43C0-BB45-FCA4D71499F2}.dbg|x64.ActiveCfg = dbg|x64
		{07CF6633-0803-43C0-BB45-FCA4D71499F2}.dbg|x64.Build.0 = dbg|x64
		{07CF6633-0803-43C0-BB45-FCA4D71499F2}.dbg|x86.ActiveCfg = dbg|x64
		{07CF6633-0803-43C0-BB45-FCA4D71499F2}.rel|x64.ActiveCfg = rel|x64
		{07CF6633-0803-43C0-BB45-FCA4D71499F2}.rel|x64.Build.0 = rel|x64
		{07CF6633-0803-43C0-BB45-FCA4D71499F2}.rel|x86.ActiveCfg = rel|x64
		{6FDAA3A5-7776-4BB1-BF7E-68A27184BF07}.dbg|x64.ActiveCfg = dbg|x64
		{6FDAA3A5-7776-4BB1-BF7E-68A27184BF07}.dbg|x64.Build.0 = dbg|x64
		{6FDAA3A5-7776-4BB1-BF7E-68A27184BF07}.dbg|x86.ActiveCfg = dbg|x64
		{6FDAA3A5-7776-4BB1-BF7E-68A27184BF07}.rel|x64.ActiveCfg = rel|x64
		{6FDAA3A5-7776-4BB1-BF7E-68A27184BF07}.rel|x64.Build.0 = rel|x64
		{6FDAA3A5-7776-4BB1-BF7E-68A27184BF07}.rel|x86.ActiveCfg = rel|x64
		{766BF6EB-8EC1-482F-BF84-157BD0D2EF02}.dbg|x64.ActiveCfg = dbg|x64
		{766BF6EB-8EC1-482F-BF84-157BD0D2EF02}.dbg|x64.Build.0 = dbg|x64
		{766BF6EB-8EC1-482F-BF84-157BD0D2EF02}.dbg|x86.ActiveCfg = dbg|x64
		{766BF6EB-8EC1-482F-BF84-157BD0D2EF02}.rel|x64.ActiveCfg = rel|x64
		{766BF6EB-8EC1-482F-BF84-157BD0D2EF02}.rel|x64.Build.0 = rel|x64
		{766BF6EB-8EC1-482F-BF84-157BD0D2EF02}.rel|x86.ActiveCfg = rel|x64
		{872F9623-52FD-469B-9391-2A18557345DB}.dbg|x64.ActiveCfg = dbg|x64
		{872F9623-52FD-469B-9391-2A18557345DB}.dbg|x64.Build.0 = dbg|x64
		{872F9623-52FD-469B-9391-2A18557345DB}.dbg|x86.ActiveCfg = dbg|x64
		{872F9623-52FD-469B-9391-2A18557345DB}.rel|x64.ActiveCfg = rel|x64
		{872F9623-52FD-469B-9391-2A18557345DB}.rel|x64.Build.0 = rel|x64
		{872F9623-52FD-469B-9391-2A18557345DB}.rel|x86.ActiveCfg = rel|x64
		{D69B4D7B-3124-4386-B49A-7766FAFD1617}.dbg|x64.ActiveCfg = dbg|x64
		{D69B4D7B-3124-4386-B49A-7766FAFD1617}.dbg|x64.Build.0 = dbg|x64
		{D69B4D7B-3124-4386-B49A-7766FAFD1617}.dbg|x86.ActiveCfg = dbg|x64
		{D69B4D7B-3124-4386-B49A-7766FAFD1617}.rel|x64.ActiveCfg = rel|x64
		{D69B4D7B-3124-4386-B49A-7766FAFD1617}.rel|x64.Build.0 = rel|x64
		{D69B4D7B-3124-4386-B49A-7766FAFD1617}.rel|x86.ActiveCfg = rel|x64
		{8BACAA8E-D0D9-4E11-A66B-BAF30C9F1C09}.dbg|x64.ActiveCfg = dbg|x64
		{8BACAA8E-D0D9-4E11-A66B-BAF30C9F1C09}.dbg|x64.Build.0 = dbg|x64
		{8BACAA8E-D0D9-4E11-A66B-BAF30C9F1C09}.dbg|x86.ActiveCfg = dbg|Win32
		{8BACAA8E-D0D9-4E11-A66B-BAF30C9F1C09}.dbg|x86.Build.0 = dbg|Win32
		{8BACAA8E-D0D9-4E11-A66B-BAF30C9F1C09}.rel|x64.ActiveCfg = rel|x64
		{8BACAA8E-D0D9-4E11-A66B-BAF30C9F1C09}.rel|x64.Build.0 = rel|x64
		{8BACAA8E-D0D9-4E11-A66B-BAF30C9F1C09}.rel|x86.ActiveCfg = rel|Win32
		{8BACAA8E-D0D9-4E11-A66B-BAF30C9F1C09}.rel|x86.Build.0 = rel|Win32
		{B970D1B5-1F2A-495A-BF7E-3DBBBEE1F33A}.dbg|x64.ActiveCfg = dbg|x64
		{B970D1B5-1F2A-495A-BF7E-3DBBBEE1F33A}.dbg|x64.Build.0 = dbg|x64
		{B970D1B5-1F2A-495A-BF7E-3DBBBEE1F33A}.dbg|x86.ActiveCfg = dbg|x64
		{B970D1B5-1F2A-495A-BF7E-3DBBBEE1F33A}.rel|x64.ActiveCfg = rel|x64
		{B970D1B5-1F2A-495A-BF7E-3DBBBEE1F33A}.rel|x64.Build.0 = rel|x64
		{B970D1B5-1F2A-495A-BF7E-3DBBBEE1F33A}.rel|x86.ActiveCfg = rel|x64
	EndGlobalSection
	GlobalSection(SolutionProperties) = preSolution
		HideSolutionNode = FALSE
	EndGlobalSection
	GlobalSection(ExtensibilityGlobals) = postSolution
		SolutionGuid = {758DA501-41F2-49BE-A0A9-06C3FA6AF30A}
	EndGlobalSection
EndGlobal
