<?xml version="1.0" encoding="utf-8"?>
<Project ToolsVersion="4.0" xmlns="http://schemas.microsoft.com/developer/msbuild/2003">
  <ItemGroup>
    <ClInclude Include="include\synchrony\synchrony.h" />
    <ClInclude Include="src\synchrony\platform\windows_network.h" />
    <ClInclude Include="include\synchrony\network\network.h" />
    <ClInclude Include="include\synchrony\network\network_address.h" />
    <ClInclude Include="include\synchrony\network\network_endpoint.h" />
    <ClInclude Include="include\synchrony\socket\udp.h" />
    <ClInclude Include="src\synchrony\platform\windows_udp.h" />
    <ClInclude Include="include\synchrony\socket\tcp.h" />
    <ClInclude Include="src\synchrony\platform\windows_tcp.h" />
    <ClInclude Include="src\synchrony\platform\windows_socket.h" />
  </ItemGroup>
  <ItemGroup>
    <ClCompile Include="src\synchrony\synchrony.cpp" />
    <ClCompile Include="src\synchrony\platform\windows_network.cpp" />
    <ClCompile Include="src\synchrony\network\network.cpp" />
    <ClCompile Include="src\synchrony\network\network_address.cpp" />
    <ClCompile Include="src\synchrony\socket\udp.cpp" />
    <ClCompile Include="src\synchrony\platform\windows_udp.cpp" />
    <ClCompile Include="src\synchrony\platform\windows_tcp.cpp" />
    <ClCompile Include="src\synchrony\socket\tcp.cpp" />
    <ClCompile Include="src\synchrony\platform\windows_socket.cpp" />
  </ItemGroup>
</Project>