<?xml version="1.0" encoding="utf-8"?>
<Project ToolsVersion="4.0" xmlns="http://schemas.microsoft.com/developer/msbuild/2003">
  <ItemGroup>
    <ClInclude Include="include\syntropy\language\macro.h" />
    <ClInclude Include="include\syntropy\memory\observer_ptr.h" />
    <ClInclude Include="include\syntropy\language\type_traits.h" />
    <ClInclude Include="include\syntropy\syntropy.h" />
    <ClInclude Include="include\syntropy\core\range.h" />
    <ClInclude Include="include\syntropy\language\utility.h" />
    <ClInclude Include="include\syntropy\language\stream.h" />
    <ClInclude Include="include\syntropy\memory\bytes.h" />
    <ClInclude Include="include\syntropy\diagnostics\assert.h" />
    <ClInclude Include="include\syntropy\math\arithmetic.h" />
    <ClInclude Include="include\syntropy\memory\alignment.h" />
    <ClInclude Include="include\syntropy\memory\memory_address.h" />
    <ClInclude Include="include\syntropy\language\iterator.h" />
    <ClInclude Include="include\syntropy\memory\memory_range.h" />
    <ClInclude Include="include\syntropy\allocators\null_memory_resource.h" />
    <ClInclude Include="include\syntropy\allocators\heap_memory_resource.h" />
    <ClInclude Include="include\syntropy\language\new.h" />
    <ClInclude Include="include\syntropy\allocators\stack_memory_resource.h" />
    <ClInclude Include="include\syntropy\allocators\passthrough_memory_resource.h" />
    <ClInclude Include="include\syntropy\allocators\fixed_memory_resource.h" />
    <ClInclude Include="include\syntropy\allocators\linear_memory_resource.h" />
    <ClInclude Include="include\syntropy\allocators\pool_memory_resource.h" />
    <ClInclude Include="include\syntropy\allocators\chain_memory_resource.h" />
    <ClInclude Include="include\syntropy\allocators\counting_memory_resource.h" />
    <ClInclude Include="include\syntropy\allocators\scope_allocator.h" />
    <ClInclude Include="include\syntropy\allocators\memory_resource.h" />
    <ClInclude Include="include\syntropy\allocators\memory_context.h" />
    <ClInclude Include="include\syntropy\memory\virtual_memory.h" />
    <ClInclude Include="src\syntropy\hal\hal_virtual_memory.h" />
    <ClInclude Include="include\syntropy\memory\virtual_memory_range.h" />
    <ClInclude Include="include\syntropy\allocators\virtual_memory_resource.h" />
  </ItemGroup>
  <ItemGroup>
    <ClCompile Include="src\syntropy\syntropy.cpp" />
    <ClCompile Include="src\syntropy\memory\virtual_memory.cpp" />
    <ClCompile Include="src\syntropy\hal\windows\hal_virtual_memory.cpp" />
    <ClCompile Include="src\syntropy\allocators\virtual_memory_resource.cpp" />
  </ItemGroup>
</Project>