<?xml version="1.0" encoding="utf-8"?>
<Project ToolsVersion="4.0" xmlns="http://schemas.microsoft.com/developer/msbuild/2003">
  <ItemGroup>
    <ClInclude Include="include\syntropy\language\foundation\types.h" />
    <ClInclude Include="include\syntropy\hal\hal_macro.h" />
    <ClInclude Include="include\syntropy\language\foundation\foundation.h" />
    <ClInclude Include="include\syntropy\language\foundation\types.h" />
    <ClInclude Include="include\syntropy\language\preprocessor\macro.h" />
    <ClInclude Include="include\syntropy\language\templates\details\concepts_details.h" />
    <ClInclude Include="include\syntropy\language\templates\details\math_details.h" />
    <ClInclude Include="include\syntropy\language\templates\details\ratio_details.h" />
    <ClInclude Include="include\syntropy\language\templates\details\sequence_details.h" />
    <ClInclude Include="include\syntropy\language\templates\details\type_traits_details.h" />
    <ClInclude Include="include\syntropy\language\templates\concepts.h" />
    <ClInclude Include="include\syntropy\language\templates\math.h" />
    <ClInclude Include="include\syntropy\language\templates\ratio.h" />
    <ClInclude Include="include\syntropy\language\templates\sequence.h" />
    <ClInclude Include="include\syntropy\language\templates\type_traits.h" />
    <ClInclude Include="include\syntropy\language\support\initializer_list.h" />
    <ClInclude Include="include\syntropy\language\support\ignore.h" />
    <ClInclude Include="include\syntropy\language\support\swap.h" />
    <ClInclude Include="include\syntropy\language\support\compare.h" />
    <ClInclude Include="include\syntropy\language\support\details\compare_details.h" />
    <ClInclude Include="include\syntropy\core\support\scope_guard.h" />
    <ClInclude Include="include\syntropy\core\support\visitor.h" />
    <ClInclude Include="include\syntropy\core\foundation\details\tuple_details.h" />
    <ClInclude Include="include\syntropy\core\foundation\tuple.h" />
    <ClInclude Include="include\syntropy\core\foundation\reverse_range.h" />
    <ClInclude Include="include\syntropy\core\foundation\zip_range.h" />
    <ClInclude Include="include\syntropy\core\foundation\span.h" />
    <ClInclude Include="include\syntropy\language\foundation\references.h" />
    <ClInclude Include="include\syntropy\language\foundation\pointers.h" />
    <ClInclude Include="include\syntropy\language\foundation\enumerations.h" />
    <ClInclude Include="include\syntropy\language\templates\invoke.h" />
    <ClInclude Include="include\syntropy\language\templates\details\invoke_details.h" />
    <ClInclude Include="include\syntropy\math\math.h" />
    <ClInclude Include="include\syntropy\memory\byte.h" />
    <ClInclude Include="include\syntropy\memory\address.h" />
    <ClInclude Include="include\syntropy\memory\alignment.h" />
    <ClInclude Include="include\syntropy\memory\byte_span.h" />
    <ClInclude Include="include\syntropy\core\concepts\range.h" />
    <ClInclude Include="include\syntropy\core\concepts\ntuple.h" />
    <ClInclude Include="include\syntropy\core\concepts\details\ntuple_details.h" />
    <ClInclude Include="include\syntropy\memory\size.h" />
    <ClInclude Include="include\syntropy\diagnostics\assert.h" />
    <ClInclude Include="include\syntropy\diagnostics\debugger.h" />
    <ClInclude Include="src\syntropy\hal\hal_debugger.h" />
    <ClInclude Include="include\syntropy\allocators\allocator.h" />
    <ClInclude Include="include\syntropy\allocators\system_allocator.h" />
    <ClInclude Include="include\syntropy\memory\unique_ptr.h" />
    <ClInclude Include="include\syntropy\core\support\event.h" />
    <ClInclude Include="include\syntropy\core\support\details\event_details.h" />
  </ItemGroup>
  <ItemGroup>
    <None Include="include\syntropy\language\language.md" />
  </ItemGroup>
  <ItemGroup>
    <ClCompile Include="src\syntropy\syntropy.cpp" />
    <ClCompile Include="src\syntropy\diagnostics\debugger.cpp" />
    <ClCompile Include="src\syntropy\hal\windows\hal_windows_debugger.cpp" />
    <ClCompile Include="src\syntropy\core\support\details\event_details.cpp" />
  </ItemGroup>
</Project>