<?xml version="1.0" encoding="utf-8"?>
<Project ToolsVersion="4.0" xmlns="http://schemas.microsoft.com/developer/msbuild/2003">
  <ItemGroup>
    <ClInclude Include="include\type_traits.h">
      <Filter>type_traits</Filter>
    </ClInclude>
    <ClInclude Include="include\reflection\class.h">
      <Filter>reflection</Filter>
    </ClInclude>
    <ClInclude Include="include\reflection\property.h">
      <Filter>reflection</Filter>
    </ClInclude>
    <ClInclude Include="include\reflection\reflection.h">
      <Filter>reflection</Filter>
    </ClInclude>
    <ClInclude Include="include\reflection\type.h">
      <Filter>reflection</Filter>
    </ClInclude>
    <ClInclude Include="include\syntropy.h" />
    <ClInclude Include="include\containers\hashed_string.h">
      <Filter>hash</Filter>
    </ClInclude>
    <ClInclude Include="include\diagnostics\log.h" />
    <ClInclude Include="include\diagnostics\diagnostics.h" />
    <ClInclude Include="include\macro.h" />
    <ClInclude Include="include\platform\compiler\msvc.h" />
    <ClInclude Include="include\platform\os\windows_os.h" />
    <ClInclude Include="include\platform\system.h" />
    <ClInclude Include="include\platform\builtin.h" />
    <ClInclude Include="include\math\math.h" />
    <ClInclude Include="include\containers\range.h" />
    <ClInclude Include="include\reflection\any.h" />
    <ClInclude Include="include\diagnostics\log_channels.h" />
    <ClInclude Include="include\platform\os\os.h" />
    <ClInclude Include="include\platform\compiler\compiler.h" />
    <ClInclude Include="include\reflection\types\core_types.h" />
    <ClInclude Include="include\reflection\types\stl_types.h" />
    <ClInclude Include="include\reflection\types\fundamental_types.h">
      <Filter>reflection</Filter>
    </ClInclude>
    <ClInclude Include="include\reflection\interfaces\property_interfaces.h" />
    <ClInclude Include="include\reflection\interfaces\class_interfaces.h" />
    <ClInclude Include="include\platform\macros.h" />
    <ClInclude Include="include\diagnostics\assert.h" />
    <ClInclude Include="include\serialization\json\deserializers\core_deserializers.h" />
    <ClInclude Include="include\serialization\json\deserializers\stl_deserializers.h" />
    <ClInclude Include="include\diagnostics\diagnostics_meta.h" />
    <ClInclude Include="include\patterns\scope_guard.h" />
    <ClInclude Include="include\patterns\observable.h" />
    <ClInclude Include="include\time\calendar.h" />
    <ClInclude Include="include\time\timer.h" />
    <ClInclude Include="include\patterns\algorithm.h" />
    <ClInclude Include="include\patterns\utility.h" />
    <ClInclude Include="include\math\random.h" />
    <ClInclude Include="include\math\hash.h">
      <Filter>hash</Filter>
    </ClInclude>
    <ClInclude Include="include\platform\threading.h" />
    <ClInclude Include="include\application\command_line.h" />
    <ClInclude Include="include\containers\context.h" />
    <ClInclude Include="include\unit_test\test_suite.h" />
    <ClInclude Include="include\unit_test\test_runner.h" />
    <ClInclude Include="include\unit_test\test_case.h" />
    <ClInclude Include="include\unit_test\test_fixture.h" />
    <ClInclude Include="include\unit_test\test.h" />
    <ClInclude Include="include\math\vector.h" />
    <ClInclude Include="include\serialization\json\deserializers\fundamental_deserializers.h" />
    <ClInclude Include="include\serialization\json\serializers\stl_serializers.h" />
    <ClInclude Include="include\serialization\json\deserialization.h" />
    <ClInclude Include="include\serialization\json\json.h" />
    <ClInclude Include="include\patterns\multi_interface.h" />
    <ClInclude Include="include\contexts.h" />
    <ClInclude Include="include\serialization\json\serialization.h" />
    <ClInclude Include="include\serialization\json\serializers\core_serializers.h" />
    <ClInclude Include="include\serialization\json\serializers\fundamental_serializers.h" />
    <ClInclude Include="include\memory\alignment.h">
      <Filter>memory</Filter>
    </ClInclude>
    <ClInclude Include="include\memory\bytes.h">
      <Filter>memory</Filter>
    </ClInclude>
    <ClInclude Include="include\memory\virtual_memory_range.h">
      <Filter>memory</Filter>
    </ClInclude>
    <ClInclude Include="include\memory\virtual_memory_page.h">
      <Filter>memory</Filter>
    </ClInclude>
    <ClInclude Include="include\memory\virtual_memory_buffer.h">
      <Filter>memory</Filter>
    </ClInclude>
    <ClInclude Include="include\memory\virtual_memory.h">
      <Filter>memory</Filter>
    </ClInclude>
    <ClInclude Include="include\memory\memory_address.h">
      <Filter>memory</Filter>
    </ClInclude>
    <ClInclude Include="include\memory\memory_buffer.h">
      <Filter>memory</Filter>
    </ClInclude>
    <ClInclude Include="include\memory\memory_manager.h">
      <Filter>memory</Filter>
    </ClInclude>
    <ClInclude Include="include\memory\memory_meta.h">
      <Filter>memory</Filter>
    </ClInclude>
    <ClInclude Include="include\memory\memory_range.h">
      <Filter>memory</Filter>
    </ClInclude>
    <ClInclude Include="include\memory\allocators\allocator.h">
      <Filter>allocators</Filter>
    </ClInclude>
    <ClInclude Include="include\memory\allocators\block_allocator.h">
      <Filter>allocators</Filter>
    </ClInclude>
    <ClInclude Include="include\memory\allocators\layered_allocator.h">
      <Filter>allocators</Filter>
    </ClInclude>
    <ClInclude Include="include\memory\allocators\linear_allocator.h">
      <Filter>allocators</Filter>
    </ClInclude>
    <ClInclude Include="include\memory\allocators\segregated_allocator.h">
      <Filter>allocators</Filter>
    </ClInclude>
    <ClInclude Include="include\memory\allocators\stack_allocator.h">
      <Filter>allocators</Filter>
    </ClInclude>
    <ClInclude Include="include\memory\allocators\std_allocator.h">
      <Filter>allocators</Filter>
    </ClInclude>
  </ItemGroup>
  <ItemGroup>
    <ClCompile Include="src\reflection\class.cpp">
      <Filter>reflection</Filter>
    </ClCompile>
    <ClCompile Include="src\reflection\reflection.cpp">
      <Filter>reflection</Filter>
    </ClCompile>
    <ClCompile Include="src\reflection\type.cpp">
      <Filter>reflection</Filter>
    </ClCompile>
    <ClCompile Include="src\reflection\property.cpp">
      <Filter>reflection</Filter>
    </ClCompile>
    <ClCompile Include="src\diagnostics\log.cpp" />
    <ClCompile Include="src\diagnostics\diagnostics.cpp" />
    <ClCompile Include="src\platform\os\windows_os.cpp" />
    <ClCompile Include="src\platform\system.cpp" />
    <ClCompile Include="src\platform\builtin.cpp" />
    <ClCompile Include="src\platform\compiler\msvc.cpp" />
    <ClCompile Include="src\math\math.cpp" />
    <ClCompile Include="src\reflection\any.cpp" />
    <ClCompile Include="src\diagnostics\log_channels.cpp" />
    <ClCompile Include="src\reflection\interfaces\class_interfaces.cpp" />
    <ClCompile Include="src\time\calendar.cpp" />
    <ClCompile Include="src\math\random.cpp" />
    <ClCompile Include="src\math\hash.cpp" />
    <ClCompile Include="src\platform\threading.cpp" />
    <ClCompile Include="src\application\command_line.cpp" />
    <ClCompile Include="src\containers\context.cpp" />
    <ClCompile Include="src\unit_test\test_runner.cpp" />
    <ClCompile Include="src\unit_test\test_suite.cpp" />
    <ClCompile Include="src\unit_test\test_case.cpp" />
    <ClCompile Include="src\unit_test\test_fixture.cpp" />
    <ClCompile Include="src\unit_test\test.cpp" />
    <ClCompile Include="src\serialization\json\deserialization.cpp" />
    <ClCompile Include="src\serialization\json\serialization.cpp" />
    <ClCompile Include="src\serialization\json\json.cpp" />
    <ClCompile Include="src\reflection\interfaces\property_interfaces.cpp" />
    <ClCompile Include="src\reflection\types\core_types.cpp" />
    <ClCompile Include="src\reflection\types\fundamental_types.cpp" />
    <ClCompile Include="src\reflection\types\stl_types.cpp" />
    <ClCompile Include="src\diagnostics\diagnostics_meta.cpp" />
    <ClCompile Include="src\contexts.cpp" />
    <ClCompile Include="src\memory\virtual_memory.cpp">
      <Filter>memory</Filter>
    </ClCompile>
    <ClCompile Include="src\memory\memory_buffer.cpp">
      <Filter>memory</Filter>
    </ClCompile>
    <ClCompile Include="src\memory\memory_manager.cpp">
      <Filter>memory</Filter>
    </ClCompile>
    <ClCompile Include="src\memory\memory_meta.cpp">
      <Filter>memory</Filter>
    </ClCompile>
    <ClCompile Include="src\memory\allocator.cpp">
      <Filter>allocators</Filter>
    </ClCompile>
    <ClCompile Include="src\memory\block_allocator.cpp">
      <Filter>allocators</Filter>
    </ClCompile>
    <ClCompile Include="src\memory\layered_allocator.cpp">
      <Filter>allocators</Filter>
    </ClCompile>
    <ClCompile Include="src\memory\segregated_allocator.cpp">
      <Filter>allocators</Filter>
    </ClCompile>
    <ClCompile Include="src\memory\stack_allocator.cpp">
      <Filter>allocators</Filter>
    </ClCompile>
    <ClCompile Include="src\memory\std_allocator.cpp">
      <Filter>allocators</Filter>
    </ClCompile>
  </ItemGroup>
  <ItemGroup>
    <Filter Include="reflection">
      <UniqueIdentifier>{98520dcf-672c-4315-87f3-fa14c6797060}</UniqueIdentifier>
    </Filter>
    <Filter Include="functional">
      <UniqueIdentifier>{3c9988c6-6437-4734-9652-a433d30469dd}</UniqueIdentifier>
    </Filter>
    <Filter Include="hash">
      <UniqueIdentifier>{19d60c50-b69b-472c-8a0d-91be7c701ddc}</UniqueIdentifier>
    </Filter>
    <Filter Include="type_traits">
      <UniqueIdentifier>{d82d2e88-346e-4399-ab6f-52a086fe0456}</UniqueIdentifier>
    </Filter>
    <Filter Include="serialization">
      <UniqueIdentifier>{52727aa0-0114-47ac-9578-3aa3955c6c14}</UniqueIdentifier>
    </Filter>
    <Filter Include="memory">
      <UniqueIdentifier>{84c6b189-fca9-40c8-9089-32b580e5f991}</UniqueIdentifier>
    </Filter>
    <Filter Include="allocators">
      <UniqueIdentifier>{936ac0b7-357b-4f47-99b1-2d9fbaf6ddd8}</UniqueIdentifier>
    </Filter>
  </ItemGroup>
</Project>